
Microsoft Visual Studio Solution File, Format Version 12.00
# Visual Studio 14
VisualStudioVersion = 14.0.24720.0
MinimumVisualStudioVersion = 10.0.40219.1
Project("{FAE04EC0-301F-11D3-BF4B-00C04F79EFBC}") = "GisMeteoParse", "GisMeteoParser\GisMeteoParse.csproj", "{059C9D57-657C-4DCA-A590-A9AD2429D5E8}"
	ProjectSection(ProjectDependencies) = postProject
		{D757EA5B-012E-4E4C-BC0C-0B31573F8452} = {D757EA5B-012E-4E4C-BC0C-0B31573F8452}
	EndProjectSection
EndProject
Project("{FAE04EC0-301F-11D3-BF4B-00C04F79EFBC}") = "ParserLib", "Parser\ParserLib.csproj", "{D757EA5B-012E-4E4C-BC0C-0B31573F8452}"
EndProject
Project("{FAE04EC0-301F-11D3-BF4B-00C04F79EFBC}") = "DataBaseLib", "DataBaseWeather\DataBaseLib.csproj", "{075D17F3-153A-480D-99DA-3B06D1D03709}"
EndProject
Project("{FAE04EC0-301F-11D3-BF4B-00C04F79EFBC}") = "Weather", "Weather\Weather.csproj", "{BB380125-9DC7-4FB4-8A47-E084D699D285}"
EndProject
Project("{FAE04EC0-301F-11D3-BF4B-00C04F79EFBC}") = "GismeteoClient", "GismeteoClient\GismeteoClient.csproj", "{EBF03607-1D4F-4816-86A0-54D153131559}"
	ProjectSection(ProjectDependencies) = postProject
		{BB380125-9DC7-4FB4-8A47-E084D699D285} = {BB380125-9DC7-4FB4-8A47-E084D699D285}
	EndProjectSection
EndProject
Project("{FAE04EC0-301F-11D3-BF4B-00C04F79EFBC}") = "WeatherService", "WeatherService\WeatherService.csproj", "{4A766724-036E-4C1A-97F6-9C450CA4FA6B}"
	ProjectSection(ProjectDependencies) = postProject
		{BB380125-9DC7-4FB4-8A47-E084D699D285} = {BB380125-9DC7-4FB4-8A47-E084D699D285}
	EndProjectSection
EndProject
Project("{FAE04EC0-301F-11D3-BF4B-00C04F79EFBC}") = "WeatherServiceHost", "WeatherServiceHost\WeatherServiceHost.csproj", "{EA10375A-B8BC-4E09-A1A4-958840E134D7}"
EndProject
Global
	GlobalSection(SolutionConfigurationPlatforms) = preSolution
		Debug|Any CPU = Debug|Any CPU
		Release|Any CPU = Release|Any CPU
	EndGlobalSection
	GlobalSection(ProjectConfigurationPlatforms) = postSolution
		{059C9D57-657C-4DCA-A590-A9AD2429D5E8}.Debug|Any CPU.ActiveCfg = Debug|Any CPU
		{059C9D57-657C-4DCA-A590-A9AD2429D5E8}.Debug|Any CPU.Build.0 = Debug|Any CPU
		{059C9D57-657C-4DCA-A590-A9AD2429D5E8}.Release|Any CPU.ActiveCfg = Release|Any CPU
		{059C9D57-657C-4DCA-A590-A9AD2429D5E8}.Release|Any CPU.Build.0 = Release|Any CPU
		{D757EA5B-012E-4E4C-BC0C-0B31573F8452}.Debug|Any CPU.ActiveCfg = Debug|Any CPU
		{D757EA5B-012E-4E4C-BC0C-0B31573F8452}.Debug|Any CPU.Build.0 = Debug|Any CPU
		{D757EA5B-012E-4E4C-BC0C-0B31573F8452}.Release|Any CPU.ActiveCfg = Release|Any CPU
		{D757EA5B-012E-4E4C-BC0C-0B31573F8452}.Release|Any CPU.Build.0 = Release|Any CPU
		{075D17F3-153A-480D-99DA-3B06D1D03709}.Debug|Any CPU.ActiveCfg = Debug|Any CPU
		{075D17F3-153A-480D-99DA-3B06D1D03709}.Debug|Any CPU.Build.0 = Debug|Any CPU
		{075D17F3-153A-480D-99DA-3B06D1D03709}.Release|Any CPU.ActiveCfg = Release|Any CPU
		{075D17F3-153A-480D-99DA-3B06D1D03709}.Release|Any CPU.Build.0 = Release|Any CPU
		{BB380125-9DC7-4FB4-8A47-E084D699D285}.Debug|Any CPU.ActiveCfg = Debug|Any CPU
		{BB380125-9DC7-4FB4-8A47-E084D699D285}.Debug|Any CPU.Build.0 = Debug|Any CPU
		{BB380125-9DC7-4FB4-8A47-E084D699D285}.Release|Any CPU.ActiveCfg = Release|Any CPU
		{BB380125-9DC7-4FB4-8A47-E084D699D285}.Release|Any CPU.Build.0 = Release|Any CPU
		{EBF03607-1D4F-4816-86A0-54D153131559}.Debug|Any CPU.ActiveCfg = Debug|Any CPU
		{EBF03607-1D4F-4816-86A0-54D153131559}.Debug|Any CPU.Build.0 = Debug|Any CPU
		{EBF03607-1D4F-4816-86A0-54D153131559}.Release|Any CPU.ActiveCfg = Release|Any CPU
		{EBF03607-1D4F-4816-86A0-54D153131559}.Release|Any CPU.Build.0 = Release|Any CPU
		{4A766724-036E-4C1A-97F6-9C450CA4FA6B}.Debug|Any CPU.ActiveCfg = Debug|Any CPU
		{4A766724-036E-4C1A-97F6-9C450CA4FA6B}.Debug|Any CPU.Build.0 = Debug|Any CPU
		{4A766724-036E-4C1A-97F6-9C450CA4FA6B}.Release|Any CPU.ActiveCfg = Release|Any CPU
		{4A766724-036E-4C1A-97F6-9C450CA4FA6B}.Release|Any CPU.Build.0 = Release|Any CPU
		{EA10375A-B8BC-4E09-A1A4-958840E134D7}.Debug|Any CPU.ActiveCfg = Debug|Any CPU
		{EA10375A-B8BC-4E09-A1A4-958840E134D7}.Debug|Any CPU.Build.0 = Debug|Any CPU
		{EA10375A-B8BC-4E09-A1A4-958840E134D7}.Release|Any CPU.ActiveCfg = Release|Any CPU
		{EA10375A-B8BC-4E09-A1A4-958840E134D7}.Release|Any CPU.Build.0 = Release|Any CPU
	EndGlobalSection
	GlobalSection(SolutionProperties) = preSolution
		HideSolutionNode = FALSE
	EndGlobalSection
EndGlobal
